
Microsoft Visual Studio Solution File, Format Version 12.00
# Visual Studio 14
VisualStudioVersion = 14.0.23107.0
MinimumVisualStudioVersion = 10.0.40219.1
Project("{FAE04EC0-301F-11D3-BF4B-00C04F79EFBC}") = "EventMaker", "EventMaker\EventMaker.csproj", "{3DCBF4FC-4BA3-4A4C-B6B8-861EA79F3380}"
EndProject
Project("{FAE04EC0-301F-11D3-BF4B-00C04F79EFBC}") = "EventCatalogSingletonTest", "EventCatalogSingletonTest\EventCatalogSingletonTest.csproj", "{BE50132C-4ACB-431F-A2D7-9B303E60E8BF}"
EndProject
Global
	GlobalSection(SolutionConfigurationPlatforms) = preSolution
		Debug|Any CPU = Debug|Any CPU
		Debug|ARM = Debug|ARM
		Debug|x64 = Debug|x64
		Debug|x86 = Debug|x86
		Release|Any CPU = Release|Any CPU
		Release|ARM = Release|ARM
		Release|x64 = Release|x64
		Release|x86 = Release|x86
	EndGlobalSection
	GlobalSection(ProjectConfigurationPlatforms) = postSolution
		{3DCBF4FC-4BA3-4A4C-B6B8-861EA79F3380}.Debug|Any CPU.ActiveCfg = Debug|x86
		{3DCBF4FC-4BA3-4A4C-B6B8-861EA79F3380}.Debug|ARM.ActiveCfg = Debug|ARM
		{3DCBF4FC-4BA3-4A4C-B6B8-861EA79F3380}.Debug|ARM.Build.0 = Debug|ARM
		{3DCBF4FC-4BA3-4A4C-B6B8-861EA79F3380}.Debug|ARM.Deploy.0 = Debug|ARM
		{3DCBF4FC-4BA3-4A4C-B6B8-861EA79F3380}.Debug|x64.ActiveCfg = Debug|x64
		{3DCBF4FC-4BA3-4A4C-B6B8-861EA79F3380}.Debug|x64.Build.0 = Debug|x64
		{3DCBF4FC-4BA3-4A4C-B6B8-861EA79F3380}.Debug|x64.Deploy.0 = Debug|x64
		{3DCBF4FC-4BA3-4A4C-B6B8-861EA79F3380}.Debug|x86.ActiveCfg = Debug|x86
		{3DCBF4FC-4BA3-4A4C-B6B8-861EA79F3380}.Debug|x86.Build.0 = Debug|x86
		{3DCBF4FC-4BA3-4A4C-B6B8-861EA79F3380}.Debug|x86.Deploy.0 = Debug|x86
		{3DCBF4FC-4BA3-4A4C-B6B8-861EA79F3380}.Release|Any CPU.ActiveCfg = Release|x86
		{3DCBF4FC-4BA3-4A4C-B6B8-861EA79F3380}.Release|ARM.ActiveCfg = Release|ARM
		{3DCBF4FC-4BA3-4A4C-B6B8-861EA79F3380}.Release|ARM.Build.0 = Release|ARM
		{3DCBF4FC-4BA3-4A4C-B6B8-861EA79F3380}.Release|ARM.Deploy.0 = Release|ARM
		{3DCBF4FC-4BA3-4A4C-B6B8-861EA79F3380}.Release|x64.ActiveCfg = Release|x64
		{3DCBF4FC-4BA3-4A4C-B6B8-861EA79F3380}.Release|x64.Build.0 = Release|x64
		{3DCBF4FC-4BA3-4A4C-B6B8-861EA79F3380}.Release|x64.Deploy.0 = Release|x64
		{3DCBF4FC-4BA3-4A4C-B6B8-861EA79F3380}.Release|x86.ActiveCfg = Release|x86
		{3DCBF4FC-4BA3-4A4C-B6B8-861EA79F3380}.Release|x86.Build.0 = Release|x86
		{3DCBF4FC-4BA3-4A4C-B6B8-861EA79F3380}.Release|x86.Deploy.0 = Release|x86
		{BE50132C-4ACB-431F-A2D7-9B303E60E8BF}.Debug|Any CPU.ActiveCfg = Debug|x86
		{BE50132C-4ACB-431F-A2D7-9B303E60E8BF}.Debug|ARM.ActiveCfg = Debug|ARM
		{BE50132C-4ACB-431F-A2D7-9B303E60E8BF}.Debug|ARM.Build.0 = Debug|ARM
		{BE50132C-4ACB-431F-A2D7-9B303E60E8BF}.Debug|ARM.Deploy.0 = Debug|ARM
		{BE50132C-4ACB-431F-A2D7-9B303E60E8BF}.Debug|x64.ActiveCfg = Debug|x64
		{BE50132C-4ACB-431F-A2D7-9B303E60E8BF}.Debug|x64.Build.0 = Debug|x64
		{BE50132C-4ACB-431F-A2D7-9B303E60E8BF}.Debug|x64.Deploy.0 = Debug|x64
		{BE50132C-4ACB-431F-A2D7-9B303E60E8BF}.Debug|x86.ActiveCfg = Debug|x86
		{BE50132C-4ACB-431F-A2D7-9B303E60E8BF}.Debug|x86.Build.0 = Debug|x86
		{BE50132C-4ACB-431F-A2D7-9B303E60E8BF}.Debug|x86.Deploy.0 = Debug|x86
		{BE50132C-4ACB-431F-A2D7-9B303E60E8BF}.Release|Any CPU.ActiveCfg = Release|x86
		{BE50132C-4ACB-431F-A2D7-9B303E60E8BF}.Release|ARM.ActiveCfg = Release|ARM
		{BE50132C-4ACB-431F-A2D7-9B303E60E8BF}.Release|ARM.Build.0 = Release|ARM
		{BE50132C-4ACB-431F-A2D7-9B303E60E8BF}.Release|ARM.Deploy.0 = Release|ARM
		{BE50132C-4ACB-431F-A2D7-9B303E60E8BF}.Release|x64.ActiveCfg = Release|x64
		{BE50132C-4ACB-431F-A2D7-9B303E60E8BF}.Release|x64.Build.0 = Release|x64
		{BE50132C-4ACB-431F-A2D7-9B303E60E8BF}.Release|x64.Deploy.0 = Release|x64
		{BE50132C-4ACB-431F-A2D7-9B303E60E8BF}.Release|x86.ActiveCfg = Release|x86
		{BE50132C-4ACB-431F-A2D7-9B303E60E8BF}.Release|x86.Build.0 = Release|x86
		{BE50132C-4ACB-431F-A2D7-9B303E60E8BF}.Release|x86.Deploy.0 = Release|x86
	EndGlobalSection
	GlobalSection(SolutionProperties) = preSolution
		HideSolutionNode = FALSE
	EndGlobalSection
EndGlobal
